// !$*UTF8*$!
{
	archiveVersion = 1;
	classes = {
	};
	objectVersion = 77;
	objects = {

/* Begin PBXContainerItemProxy section */
		DCC1A4302DFDD39100770949 /* PBXContainerItemProxy */ = {
			isa = PBXContainerItemProxy;
			containerPortal = DCC1A4072DFDD39000770949 /* Project object */;
			proxyType = 1;
			remoteGlobalIDString = DCC1A40E2DFDD39000770949;
			remoteInfo = "ProjFinal-PokeExplorer";
		};
		DCC1A4842DFDD83100770949 /* PBXContainerItemProxy */ = {
			isa = PBXContainerItemProxy;
			containerPortal = DCC1A4072DFDD39000770949 /* Project object */;
			proxyType = 1;
			remoteGlobalIDString = DCC1A40E2DFDD39000770949;
			remoteInfo = "ProjFinal-PokeExplorer";
		};
/* End PBXContainerItemProxy section */

/* Begin PBXFileReference section */
		DCC1A40F2DFDD39000770949 /* ProjFinal_PokeExplorer.app */ = {isa = PBXFileReference; explicitFileType = wrapper.application; includeInIndex = 0; path = ProjFinal_PokeExplorer.app; sourceTree = BUILT_PRODUCTS_DIR; };
		DCC1A42F2DFDD39100770949 /* ProjFinal_PokeExplorerUITests.xctest */ = {isa = PBXFileReference; explicitFileType = wrapper.cfbundle; includeInIndex = 0; path = ProjFinal_PokeExplorerUITests.xctest; sourceTree = BUILT_PRODUCTS_DIR; };
		DCC1A4802DFDD83100770949 /* ProjFinal_PokeExplorerTests.xctest */ = {isa = PBXFileReference; explicitFileType = wrapper.cfbundle; includeInIndex = 0; path = ProjFinal_PokeExplorerTests.xctest; sourceTree = BUILT_PRODUCTS_DIR; };
/* End PBXFileReference section */

/* Begin PBXFileSystemSynchronizedBuildFileExceptionSet section */
		DCC1A4372DFDD39100770949 /* Exceptions for "ProjFinal-PokeExplorer" folder in "ProjFinal_PokeExplorer" target */ = {
			isa = PBXFileSystemSynchronizedBuildFileExceptionSet;
			membershipExceptions = (
				Info.plist,
			);
			target = DCC1A40E2DFDD39000770949 /* ProjFinal_PokeExplorer */;
		};
/* End PBXFileSystemSynchronizedBuildFileExceptionSet section */

/* Begin PBXFileSystemSynchronizedRootGroup section */
		DCC1A4112DFDD39000770949 /* ProjFinal-PokeExplorer */ = {
			isa = PBXFileSystemSynchronizedRootGroup;
			exceptions = (
				DCC1A4372DFDD39100770949 /* Exceptions for "ProjFinal-PokeExplorer" folder in "ProjFinal_PokeExplorer" target */,
			);
			path = "ProjFinal-PokeExplorer";
			sourceTree = "<group>";
		};
/* End PBXFileSystemSynchronizedRootGroup section */

/* Begin PBXFrameworksBuildPhase section */
		DCC1A40C2DFDD39000770949 /* Frameworks */ = {
			isa = PBXFrameworksBuildPhase;
			buildActionMask = 2147483647;
			files = (
			);
			runOnlyForDeploymentPostprocessing = 0;
		};
		DCC1A42C2DFDD39100770949 /* Frameworks */ = {
			isa = PBXFrameworksBuildPhase;
			buildActionMask = 2147483647;
			files = (
			);
			runOnlyForDeploymentPostprocessing = 0;
		};
		DCC1A47D2DFDD83100770949 /* Frameworks */ = {
			isa = PBXFrameworksBuildPhase;
			buildActionMask = 2147483647;
			files = (
			);
			runOnlyForDeploymentPostprocessing = 0;
		};
/* End PBXFrameworksBuildPhase section */

/* Begin PBXGroup section */
		DCC1A4062DFDD39000770949 = {
			isa = PBXGroup;
			children = (
				DCC1A4112DFDD39000770949 /* ProjFinal-PokeExplorer */,
				DCC1A4102DFDD39000770949 /* Products */,
			);
			sourceTree = "<group>";
		};
		DCC1A4102DFDD39000770949 /* Products */ = {
			isa = PBXGroup;
			children = (
				DCC1A40F2DFDD39000770949 /* ProjFinal_PokeExplorer.app */,
				DCC1A42F2DFDD39100770949 /* ProjFinal_PokeExplorerUITests.xctest */,
				DCC1A4802DFDD83100770949 /* ProjFinal_PokeExplorerTests.xctest */,
			);
			name = Products;
			sourceTree = "<group>";
		};
/* End PBXGroup section */

/* Begin PBXNativeTarget section */
		DCC1A40E2DFDD39000770949 /* ProjFinal_PokeExplorer */ = {
			isa = PBXNativeTarget;
			buildConfigurationList = DCC1A4382DFDD39100770949 /* Build configuration list for PBXNativeTarget "ProjFinal_PokeExplorer" */;
			buildPhases = (
				DCC1A40B2DFDD39000770949 /* Sources */,
				DCC1A40C2DFDD39000770949 /* Frameworks */,
				DCC1A40D2DFDD39000770949 /* Resources */,
			);
			buildRules = (
			);
			dependencies = (
			);
			fileSystemSynchronizedGroups = (
				DCC1A4112DFDD39000770949 /* ProjFinal-PokeExplorer */,
			);
			name = ProjFinal_PokeExplorer;
			packageProductDependencies = (
			);
			productName = "ProjFinal-PokeExplorer";
			productReference = DCC1A40F2DFDD39000770949 /* ProjFinal_PokeExplorer.app */;
			productType = "com.apple.product-type.application";
		};
		DCC1A42E2DFDD39100770949 /* ProjFinal_PokeExplorerUITests */ = {
			isa = PBXNativeTarget;
			buildConfigurationList = DCC1A4402DFDD39100770949 /* Build configuration list for PBXNativeTarget "ProjFinal_PokeExplorerUITests" */;
			buildPhases = (
				DCC1A42B2DFDD39100770949 /* Sources */,
				DCC1A42C2DFDD39100770949 /* Frameworks */,
				DCC1A42D2DFDD39100770949 /* Resources */,
			);
			buildRules = (
			);
			dependencies = (
				DCC1A4312DFDD39100770949 /* PBXTargetDependency */,
			);
			name = ProjFinal_PokeExplorerUITests;
			packageProductDependencies = (
			);
			productName = "ProjFinal-PokeExplorerUITests";
			productReference = DCC1A42F2DFDD39100770949 /* ProjFinal_PokeExplorerUITests.xctest */;
			productType = "com.apple.product-type.bundle.ui-testing";
		};
		DCC1A47F2DFDD83100770949 /* ProjFinal_PokeExplorerTests */ = {
			isa = PBXNativeTarget;
			buildConfigurationList = DCC1A4862DFDD83100770949 /* Build configuration list for PBXNativeTarget "ProjFinal_PokeExplorerTests" */;
			buildPhases = (
				DCC1A47C2DFDD83100770949 /* Sources */,
				DCC1A47D2DFDD83100770949 /* Frameworks */,
				DCC1A47E2DFDD83100770949 /* Resources */,
			);
			buildRules = (
			);
			dependencies = (
				DCC1A4852DFDD83100770949 /* PBXTargetDependency */,
			);
			name = ProjFinal_PokeExplorerTests;
			packageProductDependencies = (
			);
			productName = ProjFinal_PokeExplorerTests;
			productReference = DCC1A4802DFDD83100770949 /* ProjFinal_PokeExplorerTests.xctest */;
			productType = "com.apple.product-type.bundle.unit-test";
		};
/* End PBXNativeTarget section */

/* Begin PBXProject section */
		DCC1A4072DFDD39000770949 /* Project object */ = {
			isa = PBXProject;
			attributes = {
				BuildIndependentTargetsInParallel = 1;
				LastSwiftUpdateCheck = 1640;
				LastUpgradeCheck = 1640;
				TargetAttributes = {
					DCC1A40E2DFDD39000770949 = {
						CreatedOnToolsVersion = 16.4;
					};
					DCC1A42E2DFDD39100770949 = {
						CreatedOnToolsVersion = 16.4;
						TestTargetID = DCC1A40E2DFDD39000770949;
					};
					DCC1A47F2DFDD83100770949 = {
						CreatedOnToolsVersion = 16.4;
						TestTargetID = DCC1A40E2DFDD39000770949;
					};
				};
			};
			buildConfigurationList = DCC1A40A2DFDD39000770949 /* Build configuration list for PBXProject "ProjFinal_PokeExplorer" */;
			developmentRegion = en;
			hasScannedForEncodings = 0;
			knownRegions = (
				en,
				Base,
			);
			mainGroup = DCC1A4062DFDD39000770949;
			minimizedProjectReferenceProxies = 1;
			preferredProjectObjectVersion = 77;
			productRefGroup = DCC1A4102DFDD39000770949 /* Products */;
			projectDirPath = "";
			projectRoot = "";
			targets = (
				DCC1A40E2DFDD39000770949 /* ProjFinal_PokeExplorer */,
				DCC1A42E2DFDD39100770949 /* ProjFinal_PokeExplorerUITests */,
				DCC1A47F2DFDD83100770949 /* ProjFinal_PokeExplorerTests */,
			);
		};
/* End PBXProject section */

/* Begin PBXResourcesBuildPhase section */
		DCC1A40D2DFDD39000770949 /* Resources */ = {
			isa = PBXResourcesBuildPhase;
			buildActionMask = 2147483647;
			files = (
			);
			runOnlyForDeploymentPostprocessing = 0;
		};
		DCC1A42D2DFDD39100770949 /* Resources */ = {
			isa = PBXResourcesBuildPhase;
			buildActionMask = 2147483647;
			files = (
			);
			runOnlyForDeploymentPostprocessing = 0;
		};
		DCC1A47E2DFDD83100770949 /* Resources */ = {
			isa = PBXResourcesBuildPhase;
			buildActionMask = 2147483647;
			files = (
			);
			runOnlyForDeploymentPostprocessing = 0;
		};
/* End PBXResourcesBuildPhase section */

/* Begin PBXSourcesBuildPhase section */
		DCC1A40B2DFDD39000770949 /* Sources */ = {
			isa = PBXSourcesBuildPhase;
			buildActionMask = 2147483647;
			files = (
			);
			runOnlyForDeploymentPostprocessing = 0;
		};
		DCC1A42B2DFDD39100770949 /* Sources */ = {
			isa = PBXSourcesBuildPhase;
			buildActionMask = 2147483647;
			files = (
			);
			runOnlyForDeploymentPostprocessing = 0;
		};
		DCC1A47C2DFDD83100770949 /* Sources */ = {
			isa = PBXSourcesBuildPhase;
			buildActionMask = 2147483647;
			files = (
			);
			runOnlyForDeploymentPostprocessing = 0;
		};
/* End PBXSourcesBuildPhase section */

/* Begin PBXTargetDependency section */
		DCC1A4312DFDD39100770949 /* PBXTargetDependency */ = {
			isa = PBXTargetDependency;
			target = DCC1A40E2DFDD39000770949 /* ProjFinal_PokeExplorer */;
			targetProxy = DCC1A4302DFDD39100770949 /* PBXContainerItemProxy */;
		};
		DCC1A4852DFDD83100770949 /* PBXTargetDependency */ = {
			isa = PBXTargetDependency;
			target = DCC1A40E2DFDD39000770949 /* ProjFinal_PokeExplorer */;
			targetProxy = DCC1A4842DFDD83100770949 /* PBXContainerItemProxy */;
		};
/* End PBXTargetDependency section */

/* Begin XCBuildConfiguration section */
		DCC1A4392DFDD39100770949 /* Debug */ = {
			isa = XCBuildConfiguration;
			buildSettings = {
				ASSETCATALOG_COMPILER_APPICON_NAME = AppIcon;
				ASSETCATALOG_COMPILER_GLOBAL_ACCENT_COLOR_NAME = AccentColor;
				CODE_SIGN_STYLE = Automatic;
				CURRENT_PROJECT_VERSION = 1;
				GENERATE_INFOPLIST_FILE = YES;
				INFOPLIST_FILE = "ProjFinal-PokeExplorer/Info.plist";
				INFOPLIST_KEY_UIApplicationSupportsIndirectInputEvents = YES;
				INFOPLIST_KEY_UILaunchStoryboardName = LaunchScreen;
				INFOPLIST_KEY_UISupportedInterfaceOrientations_iPad = "UIInterfaceOrientationPortrait UIInterfaceOrientationPortraitUpsideDown UIInterfaceOrientationLandscapeLeft UIInterfaceOrientationLandscapeRight";
				INFOPLIST_KEY_UISupportedInterfaceOrientations_iPhone = "UIInterfaceOrientationPortrait UIInterfaceOrientationLandscapeLeft UIInterfaceOrientationLandscapeRight";
				LD_RUNPATH_SEARCH_PATHS = (
					"$(inherited)",
					"@executable_path/Frameworks",
				);
				MARKETING_VERSION = 1.0;
				PRODUCT_BUNDLE_IDENTIFIER = "puc.ProjFinal-PokeExplorer";
				PRODUCT_NAME = "$(TARGET_NAME)";
				SWIFT_EMIT_LOC_STRINGS = YES;
				SWIFT_VERSION = 5.0;
				TARGETED_DEVICE_FAMILY = "1,2";
			};
			name = Debug;
		};
		DCC1A43A2DFDD39100770949 /* Release */ = {
			isa = XCBuildConfiguration;
			buildSettings = {
				ASSETCATALOG_COMPILER_APPICON_NAME = AppIcon;
				ASSETCATALOG_COMPILER_GLOBAL_ACCENT_COLOR_NAME = AccentColor;
				CODE_SIGN_STYLE = Automatic;
				CURRENT_PROJECT_VERSION = 1;
				GENERATE_INFOPLIST_FILE = YES;
				INFOPLIST_FILE = "ProjFinal-PokeExplorer/Info.plist";
				INFOPLIST_KEY_UIApplicationSupportsIndirectInputEvents = YES;
				INFOPLIST_KEY_UILaunchStoryboardName = LaunchScreen;
				INFOPLIST_KEY_UISupportedInterfaceOrientations_iPad = "UIInterfaceOrientationPortrait UIInterfaceOrientationPortraitUpsideDown UIInterfaceOrientationLandscapeLeft UIInterfaceOrientationLandscapeRight";
				INFOPLIST_KEY_UISupportedInterfaceOrientations_iPhone = "UIInterfaceOrientationPortrait UIInterfaceOrientationLandscapeLeft UIInterfaceOrientationLandscapeRight";
				LD_RUNPATH_SEARCH_PATHS = (
					"$(inherited)",
					"@executable_path/Frameworks",
				);
				MARKETING_VERSION = 1.0;
				PRODUCT_BUNDLE_IDENTIFIER = "puc.ProjFinal-PokeExplorer";
				PRODUCT_NAME = "$(TARGET_NAME)";
				SWIFT_EMIT_LOC_STRINGS = YES;
				SWIFT_VERSION = 5.0;
				TARGETED_DEVICE_FAMILY = "1,2";
			};
			name = Release;
		};
		DCC1A43B2DFDD39100770949 /* Debug */ = {
			isa = XCBuildConfiguration;
			buildSettings = {
				ALWAYS_SEARCH_USER_PATHS = NO;
				ASSETCATALOG_COMPILER_GENERATE_SWIFT_ASSET_SYMBOL_EXTENSIONS = YES;
				CLANG_ANALYZER_NONNULL = YES;
				CLANG_ANALYZER_NUMBER_OBJECT_CONVERSION = YES_AGGRESSIVE;
				CLANG_CXX_LANGUAGE_STANDARD = "gnu++20";
				CLANG_ENABLE_MODULES = YES;
				CLANG_ENABLE_OBJC_ARC = YES;
				CLANG_ENABLE_OBJC_WEAK = YES;
				CLANG_WARN_BLOCK_CAPTURE_AUTORELEASING = YES;
				CLANG_WARN_BOOL_CONVERSION = YES;
				CLANG_WARN_COMMA = YES;
				CLANG_WARN_CONSTANT_CONVERSION = YES;
				CLANG_WARN_DEPRECATED_OBJC_IMPLEMENTATIONS = YES;
				CLANG_WARN_DIRECT_OBJC_ISA_USAGE = YES_ERROR;
				CLANG_WARN_DOCUMENTATION_COMMENTS = YES;
				CLANG_WARN_EMPTY_BODY = YES;
				CLANG_WARN_ENUM_CONVERSION = YES;
				CLANG_WARN_INFINITE_RECURSION = YES;
				CLANG_WARN_INT_CONVERSION = YES;
				CLANG_WARN_NON_LITERAL_NULL_CONVERSION = YES;
				CLANG_WARN_OBJC_IMPLICIT_RETAIN_SELF = YES;
				CLANG_WARN_OBJC_LITERAL_CONVERSION = YES;
				CLANG_WARN_OBJC_ROOT_CLASS = YES_ERROR;
				CLANG_WARN_QUOTED_INCLUDE_IN_FRAMEWORK_HEADER = YES;
				CLANG_WARN_RANGE_LOOP_ANALYSIS = YES;
				CLANG_WARN_STRICT_PROTOTYPES = YES;
				CLANG_WARN_SUSPICIOUS_MOVE = YES;
				CLANG_WARN_UNGUARDED_AVAILABILITY = YES_AGGRESSIVE;
				CLANG_WARN_UNREACHABLE_CODE = YES;
				CLANG_WARN__DUPLICATE_METHOD_MATCH = YES;
				COPY_PHASE_STRIP = NO;
				DEBUG_INFORMATION_FORMAT = dwarf;
				ENABLE_STRICT_OBJC_MSGSEND = YES;
				ENABLE_TESTABILITY = YES;
				ENABLE_USER_SCRIPT_SANDBOXING = YES;
				GCC_C_LANGUAGE_STANDARD = gnu17;
				GCC_DYNAMIC_NO_PIC = NO;
				GCC_NO_COMMON_BLOCKS = YES;
				GCC_OPTIMIZATION_LEVEL = 0;
				GCC_PREPROCESSOR_DEFINITIONS = (
					"DEBUG=1",
					"$(inherited)",
				);
				GCC_WARN_64_TO_32_BIT_CONVERSION = YES;
				GCC_WARN_ABOUT_RETURN_TYPE = YES_ERROR;
				GCC_WARN_UNDECLARED_SELECTOR = YES;
				GCC_WARN_UNINITIALIZED_AUTOS = YES_AGGRESSIVE;
				GCC_WARN_UNUSED_FUNCTION = YES;
				GCC_WARN_UNUSED_VARIABLE = YES;
				IPHONEOS_DEPLOYMENT_TARGET = 18.5;
				LOCALIZATION_PREFERS_STRING_CATALOGS = YES;
				MTL_ENABLE_DEBUG_INFO = INCLUDE_SOURCE;
				MTL_FAST_MATH = YES;
				ONLY_ACTIVE_ARCH = YES;
				SDKROOT = iphoneos;
				SWIFT_ACTIVE_COMPILATION_CONDITIONS = "DEBUG $(inherited)";
				SWIFT_OPTIMIZATION_LEVEL = "-Onone";
			};
			name = Debug;
		};
		DCC1A43C2DFDD39100770949 /* Release */ = {
			isa = XCBuildConfiguration;
			buildSettings = {
				ALWAYS_SEARCH_USER_PATHS = NO;
				ASSETCATALOG_COMPILER_GENERATE_SWIFT_ASSET_SYMBOL_EXTENSIONS = YES;
				CLANG_ANALYZER_NONNULL = YES;
				CLANG_ANALYZER_NUMBER_OBJECT_CONVERSION = YES_AGGRESSIVE;
				CLANG_CXX_LANGUAGE_STANDARD = "gnu++20";
				CLANG_ENABLE_MODULES = YES;
				CLANG_ENABLE_OBJC_ARC = YES;
				CLANG_ENABLE_OBJC_WEAK = YES;
				CLANG_WARN_BLOCK_CAPTURE_AUTORELEASING = YES;
				CLANG_WARN_BOOL_CONVERSION = YES;
				CLANG_WARN_COMMA = YES;
				CLANG_WARN_CONSTANT_CONVERSION = YES;
				CLANG_WARN_DEPRECATED_OBJC_IMPLEMENTATIONS = YES;
				CLANG_WARN_DIRECT_OBJC_ISA_USAGE = YES_ERROR;
				CLANG_WARN_DOCUMENTATION_COMMENTS = YES;
				CLANG_WARN_EMPTY_BODY = YES;
				CLANG_WARN_ENUM_CONVERSION = YES;
				CLANG_WARN_INFINITE_RECURSION = YES;
				CLANG_WARN_INT_CONVERSION = YES;
				CLANG_WARN_NON_LITERAL_NULL_CONVERSION = YES;
				CLANG_WARN_OBJC_IMPLICIT_RETAIN_SELF = YES;
				CLANG_WARN_OBJC_LITERAL_CONVERSION = YES;
				CLANG_WARN_OBJC_ROOT_CLASS = YES_ERROR;
				CLANG_WARN_QUOTED_INCLUDE_IN_FRAMEWORK_HEADER = YES;
				CLANG_WARN_RANGE_LOOP_ANALYSIS = YES;
				CLANG_WARN_STRICT_PROTOTYPES = YES;
				CLANG_WARN_SUSPICIOUS_MOVE = YES;
				CLANG_WARN_UNGUARDED_AVAILABILITY = YES_AGGRESSIVE;
				CLANG_WARN_UNREACHABLE_CODE = YES;
				CLANG_WARN__DUPLICATE_METHOD_MATCH = YES;
				COPY_PHASE_STRIP = NO;
				DEBUG_INFORMATION_FORMAT = "dwarf-with-dsym";
				ENABLE_NS_ASSERTIONS = NO;
				ENABLE_STRICT_OBJC_MSGSEND = YES;
				ENABLE_USER_SCRIPT_SANDBOXING = YES;
				GCC_C_LANGUAGE_STANDARD = gnu17;
				GCC_NO_COMMON_BLOCKS = YES;
				GCC_WARN_64_TO_32_BIT_CONVERSION = YES;
				GCC_WARN_ABOUT_RETURN_TYPE = YES_ERROR;
				GCC_WARN_UNDECLARED_SELECTOR = YES;
				GCC_WARN_UNINITIALIZED_AUTOS = YES_AGGRESSIVE;
				GCC_WARN_UNUSED_FUNCTION = YES;
				GCC_WARN_UNUSED_VARIABLE = YES;
				IPHONEOS_DEPLOYMENT_TARGET = 18.5;
				LOCALIZATION_PREFERS_STRING_CATALOGS = YES;
				MTL_ENABLE_DEBUG_INFO = NO;
				MTL_FAST_MATH = YES;
				SDKROOT = iphoneos;
				SWIFT_COMPILATION_MODE = wholemodule;
				VALIDATE_PRODUCT = YES;
			};
			name = Release;
		};
		DCC1A4412DFDD39100770949 /* Debug */ = {
			isa = XCBuildConfiguration;
			buildSettings = {
				CODE_SIGN_STYLE = Automatic;
				CURRENT_PROJECT_VERSION = 1;
				GENERATE_INFOPLIST_FILE = YES;
				MARKETING_VERSION = 1.0;
				PRODUCT_BUNDLE_IDENTIFIER = "puc.ProjFinal-PokeExplorerUITests";
				PRODUCT_NAME = "$(TARGET_NAME)";
				SWIFT_EMIT_LOC_STRINGS = NO;
				SWIFT_VERSION = 5.0;
				TARGETED_DEVICE_FAMILY = "1,2";
				TEST_TARGET_NAME = "ProjFinal-PokeExplorer";
			};
			name = Debug;
		};
		DCC1A4422DFDD39100770949 /* Release */ = {
			isa = XCBuildConfiguration;
			buildSettings = {
				CODE_SIGN_STYLE = Automatic;
				CURRENT_PROJECT_VERSION = 1;
				GENERATE_INFOPLIST_FILE = YES;
				MARKETING_VERSION = 1.0;
				PRODUCT_BUNDLE_IDENTIFIER = "puc.ProjFinal-PokeExplorerUITests";
				PRODUCT_NAME = "$(TARGET_NAME)";
				SWIFT_EMIT_LOC_STRINGS = NO;
				SWIFT_VERSION = 5.0;
				TARGETED_DEVICE_FAMILY = "1,2";
				TEST_TARGET_NAME = "ProjFinal-PokeExplorer";
			};
			name = Release;
		};
		DCC1A4872DFDD83100770949 /* Debug */ = {
			isa = XCBuildConfiguration;
			buildSettings = {
				BUNDLE_LOADER = "$(TEST_HOST)";
				CODE_SIGN_STYLE = Automatic;
				CURRENT_PROJECT_VERSION = 1;
				GENERATE_INFOPLIST_FILE = YES;
				MARKETING_VERSION = 1.0;
				PRODUCT_BUNDLE_IDENTIFIER = "puc.ProjFinal-PokeExplorerTests";
				PRODUCT_NAME = "$(TARGET_NAME)";
				SWIFT_EMIT_LOC_STRINGS = NO;
				SWIFT_VERSION = 5.0;
				TARGETED_DEVICE_FAMILY = "1,2";
				TEST_HOST = "$(BUILT_PRODUCTS_DIR)/ProjFinal_PokeExplorer.app/$(BUNDLE_EXECUTABLE_FOLDER_PATH)/ProjFinal_PokeExplorer";
			};
			name = Debug;
		};
		DCC1A4882DFDD83100770949 /* Release */ = {
			isa = XCBuildConfiguration;
			buildSettings = {
				BUNDLE_LOADER = "$(TEST_HOST)";
				CODE_SIGN_STYLE = Automatic;
				CURRENT_PROJECT_VERSION = 1;
				GENERATE_INFOPLIST_FILE = YES;
				MARKETING_VERSION = 1.0;
				PRODUCT_BUNDLE_IDENTIFIER = "puc.ProjFinal-PokeExplorerTests";
				PRODUCT_NAME = "$(TARGET_NAME)";
				SWIFT_EMIT_LOC_STRINGS = NO;
				SWIFT_VERSION = 5.0;
				TARGETED_DEVICE_FAMILY = "1,2";
				TEST_HOST = "$(BUILT_PRODUCTS_DIR)/ProjFinal_PokeExplorer.app/$(BUNDLE_EXECUTABLE_FOLDER_PATH)/ProjFinal_PokeExplorer";
			};
			name = Release;
		};
/* End XCBuildConfiguration section */

/* Begin XCConfigurationList section */
		DCC1A40A2DFDD39000770949 /* Build configuration list for PBXProject "ProjFinal_PokeExplorer" */ = {
			isa = XCConfigurationList;
			buildConfigurations = (
				DCC1A43B2DFDD39100770949 /* Debug */,
				DCC1A43C2DFDD39100770949 /* Release */,
			);
			defaultConfigurationIsVisible = 0;
			defaultConfigurationName = Release;
		};
		DCC1A4382DFDD39100770949 /* Build configuration list for PBXNativeTarget "ProjFinal_PokeExplorer" */ = {
			isa = XCConfigurationList;
			buildConfigurations = (
				DCC1A4392DFDD39100770949 /* Debug */,
				DCC1A43A2DFDD39100770949 /* Release */,
			);
			defaultConfigurationIsVisible = 0;
			defaultConfigurationName = Release;
		};
		DCC1A4402DFDD39100770949 /* Build configuration list for PBXNativeTarget "ProjFinal_PokeExplorerUITests" */ = {
			isa = XCConfigurationList;
			buildConfigurations = (
				DCC1A4412DFDD39100770949 /* Debug */,
				DCC1A4422DFDD39100770949 /* Release */,
			);
			defaultConfigurationIsVisible = 0;
			defaultConfigurationName = Release;
		};
		DCC1A4862DFDD83100770949 /* Build configuration list for PBXNativeTarget "ProjFinal_PokeExplorerTests" */ = {
			isa = XCConfigurationList;
			buildConfigurations = (
				DCC1A4872DFDD83100770949 /* Debug */,
				DCC1A4882DFDD83100770949 /* Release */,
			);
			defaultConfigurationIsVisible = 0;
			defaultConfigurationName = Release;
		};
/* End XCConfigurationList section */
	};
	rootObject = DCC1A4072DFDD39000770949 /* Project object */;
}
